// !$*UTF8*$!
{
	archiveVersion = 1;
	classes = {
	};
	objectVersion = 48;
	objects = {

/* Begin PBXBuildFile section */
		4E5E3BF4747608DCFAB7C640 /* Pods_AmiracleChatApp.framework in Frameworks */ = {isa = PBXBuildFile; fileRef = F87F199CEF119C4F9531E9AB /* Pods_AmiracleChatApp.framework */; };
		CF12C3D920BBDA150005F514 /* AppDelegate.swift in Sources */ = {isa = PBXBuildFile; fileRef = CF12C3D820BBDA150005F514 /* AppDelegate.swift */; };
		CF12C3DB20BBDA150005F514 /* MessagesController.swift in Sources */ = {isa = PBXBuildFile; fileRef = CF12C3DA20BBDA150005F514 /* MessagesController.swift */; };
		CF12C3DE20BBDA150005F514 /* Main.storyboard in Resources */ = {isa = PBXBuildFile; fileRef = CF12C3DC20BBDA150005F514 /* Main.storyboard */; };
		CF12C3E020BBDA150005F514 /* Assets.xcassets in Resources */ = {isa = PBXBuildFile; fileRef = CF12C3DF20BBDA150005F514 /* Assets.xcassets */; };
		CF12C3E320BBDA150005F514 /* LaunchScreen.storyboard in Resources */ = {isa = PBXBuildFile; fileRef = CF12C3E120BBDA150005F514 /* LaunchScreen.storyboard */; };
		CF12C3EC20BBDBCF0005F514 /* LoginViewController.swift in Sources */ = {isa = PBXBuildFile; fileRef = CF12C3EB20BBDBCF0005F514 /* LoginViewController.swift */; };
		CF12C3EE20BC83550005F514 /* GoogleService-Info.plist in Resources */ = {isa = PBXBuildFile; fileRef = CF12C3ED20BC83550005F514 /* GoogleService-Info.plist */; };
		CF17E38320BE2A120080879F /* NewMessageableViewController.swift in Sources */ = {isa = PBXBuildFile; fileRef = CF17E38220BE2A120080879F /* NewMessageableViewController.swift */; };
		CF17E38620BE30730080879F /* UserModel.swift in Sources */ = {isa = PBXBuildFile; fileRef = CF17E38520BE30730080879F /* UserModel.swift */; };
		CF17E38820BE740F0080879F /* LoginController+Handlers.swift in Sources */ = {isa = PBXBuildFile; fileRef = CF17E38720BE740F0080879F /* LoginController+Handlers.swift */; };
/* End PBXBuildFile section */

/* Begin PBXFileReference section */
		2508FDDC197BCBF6D3505CE0 /* Pods-AmiracleChatApp.release.xcconfig */ = {isa = PBXFileReference; includeInIndex = 1; lastKnownFileType = text.xcconfig; name = "Pods-AmiracleChatApp.release.xcconfig"; path = "Pods/Target Support Files/Pods-AmiracleChatApp/Pods-AmiracleChatApp.release.xcconfig"; sourceTree = "<group>"; };
		A5048D1C2F15EE0C9616EC28 /* Pods-AmiracleChatApp.debug.xcconfig */ = {isa = PBXFileReference; includeInIndex = 1; lastKnownFileType = text.xcconfig; name = "Pods-AmiracleChatApp.debug.xcconfig"; path = "Pods/Target Support Files/Pods-AmiracleChatApp/Pods-AmiracleChatApp.debug.xcconfig"; sourceTree = "<group>"; };
		CF12C3D520BBDA150005F514 /* AmiracleChatApp.app */ = {isa = PBXFileReference; explicitFileType = wrapper.application; includeInIndex = 0; path = AmiracleChatApp.app; sourceTree = BUILT_PRODUCTS_DIR; };
		CF12C3D820BBDA150005F514 /* AppDelegate.swift */ = {isa = PBXFileReference; lastKnownFileType = sourcecode.swift; path = AppDelegate.swift; sourceTree = "<group>"; };
		CF12C3DA20BBDA150005F514 /* MessagesController.swift */ = {isa = PBXFileReference; lastKnownFileType = sourcecode.swift; path = MessagesController.swift; sourceTree = "<group>"; };
		CF12C3DD20BBDA150005F514 /* Base */ = {isa = PBXFileReference; lastKnownFileType = file.storyboard; name = Base; path = Base.lproj/Main.storyboard; sourceTree = "<group>"; };
		CF12C3DF20BBDA150005F514 /* Assets.xcassets */ = {isa = PBXFileReference; lastKnownFileType = folder.assetcatalog; path = Assets.xcassets; sourceTree = "<group>"; };
		CF12C3E220BBDA150005F514 /* Base */ = {isa = PBXFileReference; lastKnownFileType = file.storyboard; name = Base; path = Base.lproj/LaunchScreen.storyboard; sourceTree = "<group>"; };
		CF12C3E420BBDA150005F514 /* Info.plist */ = {isa = PBXFileReference; lastKnownFileType = text.plist.xml; path = Info.plist; sourceTree = "<group>"; };
		CF12C3EB20BBDBCF0005F514 /* LoginViewController.swift */ = {isa = PBXFileReference; lastKnownFileType = sourcecode.swift; path = LoginViewController.swift; sourceTree = "<group>"; };
		CF12C3ED20BC83550005F514 /* GoogleService-Info.plist */ = {isa = PBXFileReference; fileEncoding = 4; lastKnownFileType = text.plist.xml; path = "GoogleService-Info.plist"; sourceTree = "<group>"; };
		CF17E38220BE2A120080879F /* NewMessageableViewController.swift */ = {isa = PBXFileReference; lastKnownFileType = sourcecode.swift; path = NewMessageableViewController.swift; sourceTree = "<group>"; };
		CF17E38520BE30730080879F /* UserModel.swift */ = {isa = PBXFileReference; lastKnownFileType = sourcecode.swift; path = UserModel.swift; sourceTree = "<group>"; };
		CF17E38720BE740F0080879F /* LoginController+Handlers.swift */ = {isa = PBXFileReference; lastKnownFileType = sourcecode.swift; path = "LoginController+Handlers.swift"; sourceTree = "<group>"; };
		F87F199CEF119C4F9531E9AB /* Pods_AmiracleChatApp.framework */ = {isa = PBXFileReference; explicitFileType = wrapper.framework; includeInIndex = 0; path = Pods_AmiracleChatApp.framework; sourceTree = BUILT_PRODUCTS_DIR; };
/* End PBXFileReference section */

/* Begin PBXFrameworksBuildPhase section */
		CF12C3D220BBDA150005F514 /* Frameworks */ = {
			isa = PBXFrameworksBuildPhase;
			buildActionMask = 2147483647;
			files = (
				4E5E3BF4747608DCFAB7C640 /* Pods_AmiracleChatApp.framework in Frameworks */,
			);
			runOnlyForDeploymentPostprocessing = 0;
		};
/* End PBXFrameworksBuildPhase section */

/* Begin PBXGroup section */
		50F94C55CF634F18AD1538B4 /* Frameworks */ = {
			isa = PBXGroup;
			children = (
				F87F199CEF119C4F9531E9AB /* Pods_AmiracleChatApp.framework */,
			);
			name = Frameworks;
			sourceTree = "<group>";
		};
		982B8A8F1BA5029742B857DB /* Pods */ = {
			isa = PBXGroup;
			children = (
				A5048D1C2F15EE0C9616EC28 /* Pods-AmiracleChatApp.debug.xcconfig */,
				2508FDDC197BCBF6D3505CE0 /* Pods-AmiracleChatApp.release.xcconfig */,
			);
			name = Pods;
			sourceTree = "<group>";
		};
		CF12C3CC20BBDA150005F514 = {
			isa = PBXGroup;
			children = (
				CF12C3D720BBDA150005F514 /* AmiracleChatApp */,
				CF12C3D620BBDA150005F514 /* Products */,
				982B8A8F1BA5029742B857DB /* Pods */,
				50F94C55CF634F18AD1538B4 /* Frameworks */,
			);
			sourceTree = "<group>";
		};
		CF12C3D620BBDA150005F514 /* Products */ = {
			isa = PBXGroup;
			children = (
				CF12C3D520BBDA150005F514 /* AmiracleChatApp.app */,
			);
			name = Products;
			sourceTree = "<group>";
		};
		CF12C3D720BBDA150005F514 /* AmiracleChatApp */ = {
			isa = PBXGroup;
			children = (
				CF17E38420BE305E0080879F /* Model */,
				CF12C3EA20BBDBB00005F514 /* Controller */,
				CF12C3D820BBDA150005F514 /* AppDelegate.swift */,
				CF12C3DC20BBDA150005F514 /* Main.storyboard */,
				CF12C3ED20BC83550005F514 /* GoogleService-Info.plist */,
				CF12C3DF20BBDA150005F514 /* Assets.xcassets */,
				CF12C3E120BBDA150005F514 /* LaunchScreen.storyboard */,
				CF12C3E420BBDA150005F514 /* Info.plist */,
			);
			path = AmiracleChatApp;
			sourceTree = "<group>";
		};
		CF12C3EA20BBDBB00005F514 /* Controller */ = {
			isa = PBXGroup;
			children = (
				CF12C3DA20BBDA150005F514 /* MessagesController.swift */,
				CF12C3EB20BBDBCF0005F514 /* LoginViewController.swift */,
				CF17E38220BE2A120080879F /* NewMessageableViewController.swift */,
				CF17E38720BE740F0080879F /* LoginController+Handlers.swift */,
			);
			path = Controller;
			sourceTree = "<group>";
		};
		CF17E38420BE305E0080879F /* Model */ = {
			isa = PBXGroup;
			children = (
				CF17E38520BE30730080879F /* UserModel.swift */,
			);
			path = Model;
			sourceTree = "<group>";
		};
/* End PBXGroup section */

/* Begin PBXNativeTarget section */
		CF12C3D420BBDA150005F514 /* AmiracleChatApp */ = {
			isa = PBXNativeTarget;
			buildConfigurationList = CF12C3E720BBDA150005F514 /* Build configuration list for PBXNativeTarget "AmiracleChatApp" */;
			buildPhases = (
				6BECF0606F12B4ACF663D542 /* [CP] Check Pods Manifest.lock */,
				CF12C3D120BBDA150005F514 /* Sources */,
				CF12C3D220BBDA150005F514 /* Frameworks */,
				CF12C3D320BBDA150005F514 /* Resources */,
				6322E679C57A1EA305C19FA2 /* [CP] Embed Pods Frameworks */,
			);
			buildRules = (
			);
			dependencies = (
			);
			name = AmiracleChatApp;
			productName = AmiracleChatApp;
			productReference = CF12C3D520BBDA150005F514 /* AmiracleChatApp.app */;
			productType = "com.apple.product-type.application";
		};
/* End PBXNativeTarget section */

/* Begin PBXProject section */
		CF12C3CD20BBDA150005F514 /* Project object */ = {
			isa = PBXProject;
			attributes = {
				LastSwiftUpdateCheck = 0920;
				LastUpgradeCheck = 0940;
				ORGANIZATIONNAME = "Amir Nickroo";
				TargetAttributes = {
					CF12C3D420BBDA150005F514 = {
						CreatedOnToolsVersion = 9.2;
						ProvisioningStyle = Automatic;
					};
				};
			};
			buildConfigurationList = CF12C3D020BBDA150005F514 /* Build configuration list for PBXProject "AmiracleChatApp" */;
			compatibilityVersion = "Xcode 8.0";
			developmentRegion = en;
			hasScannedForEncodings = 0;
			knownRegions = (
				en,
				Base,
			);
			mainGroup = CF12C3CC20BBDA150005F514;
			productRefGroup = CF12C3D620BBDA150005F514 /* Products */;
			projectDirPath = "";
			projectRoot = "";
			targets = (
				CF12C3D420BBDA150005F514 /* AmiracleChatApp */,
			);
		};
/* End PBXProject section */

/* Begin PBXResourcesBuildPhase section */
		CF12C3D320BBDA150005F514 /* Resources */ = {
			isa = PBXResourcesBuildPhase;
			buildActionMask = 2147483647;
			files = (
				CF12C3EE20BC83550005F514 /* GoogleService-Info.plist in Resources */,
				CF12C3E320BBDA150005F514 /* LaunchScreen.storyboard in Resources */,
				CF12C3E020BBDA150005F514 /* Assets.xcassets in Resources */,
				CF12C3DE20BBDA150005F514 /* Main.storyboard in Resources */,
			);
			runOnlyForDeploymentPostprocessing = 0;
		};
/* End PBXResourcesBuildPhase section */

/* Begin PBXShellScriptBuildPhase section */
		6322E679C57A1EA305C19FA2 /* [CP] Embed Pods Frameworks */ = {
			isa = PBXShellScriptBuildPhase;
			buildActionMask = 2147483647;
			files = (
			);
			inputPaths = (
				"${SRCROOT}/Pods/Target Support Files/Pods-AmiracleChatApp/Pods-AmiracleChatApp-frameworks.sh",
				"${BUILT_PRODUCTS_DIR}/GTMSessionFetcher/GTMSessionFetcher.framework",
				"${BUILT_PRODUCTS_DIR}/GoogleToolboxForMac/GoogleToolboxForMac.framework",
				"${BUILT_PRODUCTS_DIR}/leveldb-library/leveldb.framework",
				"${BUILT_PRODUCTS_DIR}/nanopb/nanopb.framework",
			);
			name = "[CP] Embed Pods Frameworks";
			outputPaths = (
				"${TARGET_BUILD_DIR}/${FRAMEWORKS_FOLDER_PATH}/GTMSessionFetcher.framework",
				"${TARGET_BUILD_DIR}/${FRAMEWORKS_FOLDER_PATH}/GoogleToolboxForMac.framework",
				"${TARGET_BUILD_DIR}/${FRAMEWORKS_FOLDER_PATH}/leveldb.framework",
				"${TARGET_BUILD_DIR}/${FRAMEWORKS_FOLDER_PATH}/nanopb.framework",
			);
			runOnlyForDeploymentPostprocessing = 0;
			shellPath = /bin/sh;
			shellScript = "\"${SRCROOT}/Pods/Target Support Files/Pods-AmiracleChatApp/Pods-AmiracleChatApp-frameworks.sh\"\n";
			showEnvVarsInLog = 0;
		};
		6BECF0606F12B4ACF663D542 /* [CP] Check Pods Manifest.lock */ = {
			isa = PBXShellScriptBuildPhase;
			buildActionMask = 2147483647;
			files = (
			);
			inputPaths = (
				"${PODS_PODFILE_DIR_PATH}/Podfile.lock",
				"${PODS_ROOT}/Manifest.lock",
			);
			name = "[CP] Check Pods Manifest.lock";
			outputPaths = (
				"$(DERIVED_FILE_DIR)/Pods-AmiracleChatApp-checkManifestLockResult.txt",
			);
			runOnlyForDeploymentPostprocessing = 0;
			shellPath = /bin/sh;
			shellScript = "diff \"${PODS_PODFILE_DIR_PATH}/Podfile.lock\" \"${PODS_ROOT}/Manifest.lock\" > /dev/null\nif [ $? != 0 ] ; then\n    # print error to STDERR\n    echo \"error: The sandbox is not in sync with the Podfile.lock. Run 'pod install' or update your CocoaPods installation.\" >&2\n    exit 1\nfi\n# This output is used by Xcode 'outputs' to avoid re-running this script phase.\necho \"SUCCESS\" > \"${SCRIPT_OUTPUT_FILE_0}\"\n";
			showEnvVarsInLog = 0;
		};
/* End PBXShellScriptBuildPhase section */

/* Begin PBXSourcesBuildPhase section */
		CF12C3D120BBDA150005F514 /* Sources */ = {
			isa = PBXSourcesBuildPhase;
			buildActionMask = 2147483647;
			files = (
				CF17E38820BE740F0080879F /* LoginController+Handlers.swift in Sources */,
				CF12C3EC20BBDBCF0005F514 /* LoginViewController.swift in Sources */,
				CF12C3DB20BBDA150005F514 /* MessagesController.swift in Sources */,
				CF12C3D920BBDA150005F514 /* AppDelegate.swift in Sources */,
				CF17E38620BE30730080879F /* UserModel.swift in Sources */,
				CF17E38320BE2A120080879F /* NewMessageableViewController.swift in Sources */,
			);
			runOnlyForDeploymentPostprocessing = 0;
		};
/* End PBXSourcesBuildPhase section */

/* Begin PBXVariantGroup section */
		CF12C3DC20BBDA150005F514 /* Main.storyboard */ = {
			isa = PBXVariantGroup;
			children = (
				CF12C3DD20BBDA150005F514 /* Base */,
			);
			name = Main.storyboard;
			sourceTree = "<group>";
		};
		CF12C3E120BBDA150005F514 /* LaunchScreen.storyboard */ = {
			isa = PBXVariantGroup;
			children = (
				CF12C3E220BBDA150005F514 /* Base */,
			);
			name = LaunchScreen.storyboard;
			sourceTree = "<group>";
		};
/* End PBXVariantGroup section */

/* Begin XCBuildConfiguration section */
		CF12C3E520BBDA150005F514 /* Debug */ = {
			isa = XCBuildConfiguration;
			buildSettings = {
				ALWAYS_SEARCH_USER_PATHS = NO;
				CLANG_ANALYZER_NONNULL = YES;
				CLANG_ANALYZER_NUMBER_OBJECT_CONVERSION = YES_AGGRESSIVE;
				CLANG_CXX_LANGUAGE_STANDARD = "gnu++14";
				CLANG_CXX_LIBRARY = "libc++";
				CLANG_ENABLE_MODULES = YES;
				CLANG_ENABLE_OBJC_ARC = YES;
				CLANG_WARN_BLOCK_CAPTURE_AUTORELEASING = YES;
				CLANG_WARN_BOOL_CONVERSION = YES;
				CLANG_WARN_COMMA = YES;
				CLANG_WARN_CONSTANT_CONVERSION = YES;
				CLANG_WARN_DEPRECATED_OBJC_IMPLEMENTATIONS = YES;
				CLANG_WARN_DIRECT_OBJC_ISA_USAGE = YES_ERROR;
				CLANG_WARN_DOCUMENTATION_COMMENTS = YES;
				CLANG_WARN_EMPTY_BODY = YES;
				CLANG_WARN_ENUM_CONVERSION = YES;
				CLANG_WARN_INFINITE_RECURSION = YES;
				CLANG_WARN_INT_CONVERSION = YES;
				CLANG_WARN_NON_LITERAL_NULL_CONVERSION = YES;
				CLANG_WARN_OBJC_IMPLICIT_RETAIN_SELF = YES;
				CLANG_WARN_OBJC_LITERAL_CONVERSION = YES;
				CLANG_WARN_OBJC_ROOT_CLASS = YES_ERROR;
				CLANG_WARN_RANGE_LOOP_ANALYSIS = YES;
				CLANG_WARN_STRICT_PROTOTYPES = YES;
				CLANG_WARN_SUSPICIOUS_MOVE = YES;
				CLANG_WARN_UNGUARDED_AVAILABILITY = YES_AGGRESSIVE;
				CLANG_WARN_UNREACHABLE_CODE = YES;
				CLANG_WARN__DUPLICATE_METHOD_MATCH = YES;
				CODE_SIGN_IDENTITY = "iPhone Developer";
				COPY_PHASE_STRIP = NO;
				DEBUG_INFORMATION_FORMAT = dwarf;
				ENABLE_STRICT_OBJC_MSGSEND = YES;
				ENABLE_TESTABILITY = YES;
				GCC_C_LANGUAGE_STANDARD = gnu11;
				GCC_DYNAMIC_NO_PIC = NO;
				GCC_NO_COMMON_BLOCKS = YES;
				GCC_OPTIMIZATION_LEVEL = 0;
				GCC_PREPROCESSOR_DEFINITIONS = (
					"DEBUG=1",
					"$(inherited)",
				);
				GCC_WARN_64_TO_32_BIT_CONVERSION = YES;
				GCC_WARN_ABOUT_RETURN_TYPE = YES_ERROR;
				GCC_WARN_UNDECLARED_SELECTOR = YES;
				GCC_WARN_UNINITIALIZED_AUTOS = YES_AGGRESSIVE;
				GCC_WARN_UNUSED_FUNCTION = YES;
				GCC_WARN_UNUSED_VARIABLE = YES;
				IPHONEOS_DEPLOYMENT_TARGET = 11.2;
				MTL_ENABLE_DEBUG_INFO = YES;
				ONLY_ACTIVE_ARCH = YES;
				SDKROOT = iphoneos;
				SWIFT_ACTIVE_COMPILATION_CONDITIONS = DEBUG;
				SWIFT_OPTIMIZATION_LEVEL = "-Onone";
			};
			name = Debug;
		};
		CF12C3E620BBDA150005F514 /* Release */ = {
			isa = XCBuildConfiguration;
			buildSettings = {
				ALWAYS_SEARCH_USER_PATHS = NO;
				CLANG_ANALYZER_NONNULL = YES;
				CLANG_ANALYZER_NUMBER_OBJECT_CONVERSION = YES_AGGRESSIVE;
				CLANG_CXX_LANGUAGE_STANDARD = "gnu++14";
				CLANG_CXX_LIBRARY = "libc++";
				CLANG_ENABLE_MODULES = YES;
				CLANG_ENABLE_OBJC_ARC = YES;
				CLANG_WARN_BLOCK_CAPTURE_AUTORELEASING = YES;
				CLANG_WARN_BOOL_CONVERSION = YES;
				CLANG_WARN_COMMA = YES;
				CLANG_WARN_CONSTANT_CONVERSION = YES;
				CLANG_WARN_DEPRECATED_OBJC_IMPLEMENTATIONS = YES;
				CLANG_WARN_DIRECT_OBJC_ISA_USAGE = YES_ERROR;
				CLANG_WARN_DOCUMENTATION_COMMENTS = YES;
				CLANG_WARN_EMPTY_BODY = YES;
				CLANG_WARN_ENUM_CONVERSION = YES;
				CLANG_WARN_INFINITE_RECURSION = YES;
				CLANG_WARN_INT_CONVERSION = YES;
				CLANG_WARN_NON_LITERAL_NULL_CONVERSION = YES;
				CLANG_WARN_OBJC_IMPLICIT_RETAIN_SELF = YES;
				CLANG_WARN_OBJC_LITERAL_CONVERSION = YES;
				CLANG_WARN_OBJC_ROOT_CLASS = YES_ERROR;
				CLANG_WARN_RANGE_LOOP_ANALYSIS = YES;
				CLANG_WARN_STRICT_PROTOTYPES = YES;
				CLANG_WARN_SUSPICIOUS_MOVE = YES;
				CLANG_WARN_UNGUARDED_AVAILABILITY = YES_AGGRESSIVE;
				CLANG_WARN_UNREACHABLE_CODE = YES;
				CLANG_WARN__DUPLICATE_METHOD_MATCH = YES;
				CODE_SIGN_IDENTITY = "iPhone Developer";
				COPY_PHASE_STRIP = NO;
				DEBUG_INFORMATION_FORMAT = "dwarf-with-dsym";
				ENABLE_NS_ASSERTIONS = NO;
				ENABLE_STRICT_OBJC_MSGSEND = YES;
				GCC_C_LANGUAGE_STANDARD = gnu11;
				GCC_NO_COMMON_BLOCKS = YES;
				GCC_WARN_64_TO_32_BIT_CONVERSION = YES;
				GCC_WARN_ABOUT_RETURN_TYPE = YES_ERROR;
				GCC_WARN_UNDECLARED_SELECTOR = YES;
				GCC_WARN_UNINITIALIZED_AUTOS = YES_AGGRESSIVE;
				GCC_WARN_UNUSED_FUNCTION = YES;
				GCC_WARN_UNUSED_VARIABLE = YES;
				IPHONEOS_DEPLOYMENT_TARGET = 11.2;
				MTL_ENABLE_DEBUG_INFO = NO;
				SDKROOT = iphoneos;
				SWIFT_OPTIMIZATION_LEVEL = "-Owholemodule";
				VALIDATE_PRODUCT = YES;
			};
			name = Release;
		};
		CF12C3E820BBDA150005F514 /* Debug */ = {
			isa = XCBuildConfiguration;
			baseConfigurationReference = A5048D1C2F15EE0C9616EC28 /* Pods-AmiracleChatApp.debug.xcconfig */;
			buildSettings = {
				ASSETCATALOG_COMPILER_APPICON_NAME = AppIcon;
				CODE_SIGN_STYLE = Automatic;
				DEVELOPMENT_TEAM = MCGK8QGNLX;
				INFOPLIST_FILE = AmiracleChatApp/Info.plist;
				LD_RUNPATH_SEARCH_PATHS = "$(inherited) @executable_path/Frameworks";
				PRODUCT_BUNDLE_IDENTIFIER = com.AmiracleDev.AmiracleChatApp;
				PRODUCT_NAME = "$(TARGET_NAME)";
				SWIFT_VERSION = 4.0;
				TARGETED_DEVICE_FAMILY = "1,2";
			};
			name = Debug;
		};
		CF12C3E920BBDA150005F514 /* Release */ = {
			isa = XCBuildConfiguration;
			baseConfigurationReference = 2508FDDC197BCBF6D3505CE0 /* Pods-AmiracleChatApp.release.xcconfig */;
			buildSettings = {
				ASSETCATALOG_COMPILER_APPICON_NAME = AppIcon;
				CODE_SIGN_STYLE = Automatic;
				DEVELOPMENT_TEAM = MCGK8QGNLX;
				INFOPLIST_FILE = AmiracleChatApp/Info.plist;
				LD_RUNPATH_SEARCH_PATHS = "$(inherited) @executable_path/Frameworks";
				PRODUCT_BUNDLE_IDENTIFIER = com.AmiracleDev.AmiracleChatApp;
				PRODUCT_NAME = "$(TARGET_NAME)";
				SWIFT_VERSION = 4.0;
				TARGETED_DEVICE_FAMILY = "1,2";
			};
			name = Release;
		};
/* End XCBuildConfiguration section */

/* Begin XCConfigurationList section */
		CF12C3D020BBDA150005F514 /* Build configuration list for PBXProject "AmiracleChatApp" */ = {
			isa = XCConfigurationList;
			buildConfigurations = (
				CF12C3E520BBDA150005F514 /* Debug */,
				CF12C3E620BBDA150005F514 /* Release */,
			);
			defaultConfigurationIsVisible = 0;
			defaultConfigurationName = Release;
		};
		CF12C3E720BBDA150005F514 /* Build configuration list for PBXNativeTarget "AmiracleChatApp" */ = {
			isa = XCConfigurationList;
			buildConfigurations = (
				CF12C3E820BBDA150005F514 /* Debug */,
				CF12C3E920BBDA150005F514 /* Release */,
			);
			defaultConfigurationIsVisible = 0;
			defaultConfigurationName = Release;
		};
/* End XCConfigurationList section */
	};
	rootObject = CF12C3CD20BBDA150005F514 /* Project object */;
}
